
Microsoft Visual Studio Solution File, Format Version 12.00
# Visual Studio 15
VisualStudioVersion = 15.0.28307.421
MinimumVisualStudioVersion = 10.0.40219.1
Project("{FAE04EC0-301F-11D3-BF4B-00C04F79EFBC}") = "ShopSystem.Console", "ShopSystem.Console\ShopSystem.Console.csproj", "{3887BD09-F3E1-47EB-8DA2-E9079A1FC765}"
EndProject
Project("{FAE04EC0-301F-11D3-BF4B-00C04F79EFBC}") = "ShopSystem.Models", "ShopSystem.Models\ShopSystem.Models.csproj", "{F3391A73-0EEA-40B0-890B-C30F0C22524C}"
EndProject
Project("{FAE04EC0-301F-11D3-BF4B-00C04F79EFBC}") = "ShopSystem.DataAccess", "ShopSystem.DataAccess\ShopSystem.DataAccess.csproj", "{0AEA242B-7B4D-417A-B3F4-B19BC9EE444A}"
EndProject
Global
	GlobalSection(SolutionConfigurationPlatforms) = preSolution
		Debug|Any CPU = Debug|Any CPU
		Release|Any CPU = Release|Any CPU
	EndGlobalSection
	GlobalSection(ProjectConfigurationPlatforms) = postSolution
		{3887BD09-F3E1-47EB-8DA2-E9079A1FC765}.Debug|Any CPU.ActiveCfg = Debug|Any CPU
		{3887BD09-F3E1-47EB-8DA2-E9079A1FC765}.Debug|Any CPU.Build.0 = Debug|Any CPU
		{3887BD09-F3E1-47EB-8DA2-E9079A1FC765}.Release|Any CPU.ActiveCfg = Release|Any CPU
		{3887BD09-F3E1-47EB-8DA2-E9079A1FC765}.Release|Any CPU.Build.0 = Release|Any CPU
		{F3391A73-0EEA-40B0-890B-C30F0C22524C}.Debug|Any CPU.ActiveCfg = Debug|Any CPU
		{F3391A73-0EEA-40B0-890B-C30F0C22524C}.Debug|Any CPU.Build.0 = Debug|Any CPU
		{F3391A73-0EEA-40B0-890B-C30F0C22524C}.Release|Any CPU.ActiveCfg = Release|Any CPU
		{F3391A73-0EEA-40B0-890B-C30F0C22524C}.Release|Any CPU.Build.0 = Release|Any CPU
		{0AEA242B-7B4D-417A-B3F4-B19BC9EE444A}.Debug|Any CPU.ActiveCfg = Debug|Any CPU
		{0AEA242B-7B4D-417A-B3F4-B19BC9EE444A}.Debug|Any CPU.Build.0 = Debug|Any CPU
		{0AEA242B-7B4D-417A-B3F4-B19BC9EE444A}.Release|Any CPU.ActiveCfg = Release|Any CPU
		{0AEA242B-7B4D-417A-B3F4-B19BC9EE444A}.Release|Any CPU.Build.0 = Release|Any CPU
	EndGlobalSection
	GlobalSection(SolutionProperties) = preSolution
		HideSolutionNode = FALSE
	EndGlobalSection
	GlobalSection(ExtensibilityGlobals) = postSolution
		SolutionGuid = {4582DECC-1774-4AD5-B786-AC72510C7E20}
	EndGlobalSection
EndGlobal
